// !$*UTF8*$!
{
	archiveVersion = 1;
	classes = {
	};
	objectVersion = 56;
	objects = {

/* Begin PBXBuildFile section */
		772CA82B2BA938FF00CE3665 /* CachedImageManager.swift in Sources */ = {isa = PBXBuildFile; fileRef = 772CA82A2BA938FF00CE3665 /* CachedImageManager.swift */; };
		772CA82D2BA93B2400CE3665 /* Filter.swift in Sources */ = {isa = PBXBuildFile; fileRef = 772CA82C2BA93B2400CE3665 /* Filter.swift */; };
		772CA82F2BA9494200CE3665 /* Request.swift in Sources */ = {isa = PBXBuildFile; fileRef = 772CA82E2BA9494200CE3665 /* Request.swift */; };
		772CA8312BA94DC900CE3665 /* PhotoCollection.swift in Sources */ = {isa = PBXBuildFile; fileRef = 772CA8302BA94DC900CE3665 /* PhotoCollection.swift */; };
		772CA8332BA94E3600CE3665 /* PhotoAssetCollection.swift in Sources */ = {isa = PBXBuildFile; fileRef = 772CA8322BA94E3600CE3665 /* PhotoAssetCollection.swift */; };
		772CA8352BA94E8000CE3665 /* PhotoAsset.swift in Sources */ = {isa = PBXBuildFile; fileRef = 772CA8342BA94E8000CE3665 /* PhotoAsset.swift */; };
		772CA8372BA9509000CE3665 /* PhotoLibrary.swift in Sources */ = {isa = PBXBuildFile; fileRef = 772CA8362BA9509000CE3665 /* PhotoLibrary.swift */; };
		774486542BA6B1DC00FE87BC /* FaceNet.mlpackage in Sources */ = {isa = PBXBuildFile; fileRef = 774486532BA6B1DC00FE87BC /* FaceNet.mlpackage */; };
		774486562BA6BDE800FE87BC /* Ops.swift in Sources */ = {isa = PBXBuildFile; fileRef = 774486552BA6BDE800FE87BC /* Ops.swift */; };
		7744865B2BA6D4AA00FE87BC /* ImageView.swift in Sources */ = {isa = PBXBuildFile; fileRef = 7744865A2BA6D4AA00FE87BC /* ImageView.swift */; };
		77A892A72BA787AB00E8F7C6 /* GridView.swift in Sources */ = {isa = PBXBuildFile; fileRef = 77A892A62BA787AB00E8F7C6 /* GridView.swift */; };
		77AEDBC52BA2A031008B809C /* MoonlitApp.swift in Sources */ = {isa = PBXBuildFile; fileRef = 77AEDBC42BA2A031008B809C /* MoonlitApp.swift */; };
		77AEDBC72BA2A031008B809C /* ContentView.swift in Sources */ = {isa = PBXBuildFile; fileRef = 77AEDBC62BA2A031008B809C /* ContentView.swift */; };
		77AEDBC92BA2A032008B809C /* Assets.xcassets in Resources */ = {isa = PBXBuildFile; fileRef = 77AEDBC82BA2A032008B809C /* Assets.xcassets */; };
		77AEDBCC2BA2A032008B809C /* Preview Assets.xcassets in Resources */ = {isa = PBXBuildFile; fileRef = 77AEDBCB2BA2A032008B809C /* Preview Assets.xcassets */; };
		77AEDBD62BA2A033008B809C /* MoonlitTests.swift in Sources */ = {isa = PBXBuildFile; fileRef = 77AEDBD52BA2A033008B809C /* MoonlitTests.swift */; };
		77AEDBE02BA2A033008B809C /* MoonlitUITests.swift in Sources */ = {isa = PBXBuildFile; fileRef = 77AEDBDF2BA2A033008B809C /* MoonlitUITests.swift */; };
		77AEDBE22BA2A033008B809C /* MoonlitUITestsLaunchTests.swift in Sources */ = {isa = PBXBuildFile; fileRef = 77AEDBE12BA2A033008B809C /* MoonlitUITestsLaunchTests.swift */; };
		77AEDBEF2BA2AAC0008B809C /* Photos.swift in Sources */ = {isa = PBXBuildFile; fileRef = 77AEDBEE2BA2AAC0008B809C /* Photos.swift */; };
		77AEDBF72BA2D4A6008B809C /* DataSource.swift in Sources */ = {isa = PBXBuildFile; fileRef = 77AEDBF62BA2D4A6008B809C /* DataSource.swift */; };
		77CD5EE82BAABAF0004C459A /* Utils.swift in Sources */ = {isa = PBXBuildFile; fileRef = 77CD5EE72BAABAF0004C459A /* Utils.swift */; };
		77F0AE1C2BAAC66D00F4BA4F /* facenet_critic.mlpackage in Sources */ = {isa = PBXBuildFile; fileRef = 77F0AE1B2BAAC66C00F4BA4F /* facenet_critic.mlpackage */; };
		77F0AE1E2BAAC92F00F4BA4F /* facenet_avg.mlpackage in Sources */ = {isa = PBXBuildFile; fileRef = 77F0AE1D2BAAC92E00F4BA4F /* facenet_avg.mlpackage */; };
/* End PBXBuildFile section */

/* Begin PBXContainerItemProxy section */
		77AEDBD22BA2A033008B809C /* PBXContainerItemProxy */ = {
			isa = PBXContainerItemProxy;
			containerPortal = 77AEDBB92BA2A031008B809C /* Project object */;
			proxyType = 1;
			remoteGlobalIDString = 77AEDBC02BA2A031008B809C;
			remoteInfo = Moonlit;
		};
		77AEDBDC2BA2A033008B809C /* PBXContainerItemProxy */ = {
			isa = PBXContainerItemProxy;
			containerPortal = 77AEDBB92BA2A031008B809C /* Project object */;
			proxyType = 1;
			remoteGlobalIDString = 77AEDBC02BA2A031008B809C;
			remoteInfo = Moonlit;
		};
/* End PBXContainerItemProxy section */

/* Begin PBXFileReference section */
		772CA82A2BA938FF00CE3665 /* CachedImageManager.swift */ = {isa = PBXFileReference; lastKnownFileType = sourcecode.swift; path = CachedImageManager.swift; sourceTree = "<group>"; };
		772CA82C2BA93B2400CE3665 /* Filter.swift */ = {isa = PBXFileReference; lastKnownFileType = sourcecode.swift; path = Filter.swift; sourceTree = "<group>"; };
		772CA82E2BA9494200CE3665 /* Request.swift */ = {isa = PBXFileReference; lastKnownFileType = sourcecode.swift; path = Request.swift; sourceTree = "<group>"; };
		772CA8302BA94DC900CE3665 /* PhotoCollection.swift */ = {isa = PBXFileReference; lastKnownFileType = sourcecode.swift; path = PhotoCollection.swift; sourceTree = "<group>"; };
		772CA8322BA94E3600CE3665 /* PhotoAssetCollection.swift */ = {isa = PBXFileReference; lastKnownFileType = sourcecode.swift; path = PhotoAssetCollection.swift; sourceTree = "<group>"; };
		772CA8342BA94E8000CE3665 /* PhotoAsset.swift */ = {isa = PBXFileReference; lastKnownFileType = sourcecode.swift; path = PhotoAsset.swift; sourceTree = "<group>"; };
		772CA8362BA9509000CE3665 /* PhotoLibrary.swift */ = {isa = PBXFileReference; lastKnownFileType = sourcecode.swift; path = PhotoLibrary.swift; sourceTree = "<group>"; };
		774486532BA6B1DC00FE87BC /* FaceNet.mlpackage */ = {isa = PBXFileReference; lastKnownFileType = folder.mlpackage; path = FaceNet.mlpackage; sourceTree = "<group>"; };
		774486552BA6BDE800FE87BC /* Ops.swift */ = {isa = PBXFileReference; lastKnownFileType = sourcecode.swift; path = Ops.swift; sourceTree = "<group>"; };
		7744865A2BA6D4AA00FE87BC /* ImageView.swift */ = {isa = PBXFileReference; lastKnownFileType = sourcecode.swift; path = ImageView.swift; sourceTree = "<group>"; };
		77A892A62BA787AB00E8F7C6 /* GridView.swift */ = {isa = PBXFileReference; lastKnownFileType = sourcecode.swift; path = GridView.swift; sourceTree = "<group>"; };
		77AEDBC12BA2A031008B809C /* Moonlit.app */ = {isa = PBXFileReference; explicitFileType = wrapper.application; includeInIndex = 0; path = Moonlit.app; sourceTree = BUILT_PRODUCTS_DIR; };
		77AEDBC42BA2A031008B809C /* MoonlitApp.swift */ = {isa = PBXFileReference; lastKnownFileType = sourcecode.swift; path = MoonlitApp.swift; sourceTree = "<group>"; };
		77AEDBC62BA2A031008B809C /* ContentView.swift */ = {isa = PBXFileReference; lastKnownFileType = sourcecode.swift; path = ContentView.swift; sourceTree = "<group>"; };
		77AEDBC82BA2A032008B809C /* Assets.xcassets */ = {isa = PBXFileReference; lastKnownFileType = folder.assetcatalog; path = Assets.xcassets; sourceTree = "<group>"; };
		77AEDBCB2BA2A032008B809C /* Preview Assets.xcassets */ = {isa = PBXFileReference; lastKnownFileType = folder.assetcatalog; path = "Preview Assets.xcassets"; sourceTree = "<group>"; };
		77AEDBD12BA2A033008B809C /* MoonlitTests.xctest */ = {isa = PBXFileReference; explicitFileType = wrapper.cfbundle; includeInIndex = 0; path = MoonlitTests.xctest; sourceTree = BUILT_PRODUCTS_DIR; };
		77AEDBD52BA2A033008B809C /* MoonlitTests.swift */ = {isa = PBXFileReference; lastKnownFileType = sourcecode.swift; path = MoonlitTests.swift; sourceTree = "<group>"; };
		77AEDBDB2BA2A033008B809C /* MoonlitUITests.xctest */ = {isa = PBXFileReference; explicitFileType = wrapper.cfbundle; includeInIndex = 0; path = MoonlitUITests.xctest; sourceTree = BUILT_PRODUCTS_DIR; };
		77AEDBDF2BA2A033008B809C /* MoonlitUITests.swift */ = {isa = PBXFileReference; lastKnownFileType = sourcecode.swift; path = MoonlitUITests.swift; sourceTree = "<group>"; };
		77AEDBE12BA2A033008B809C /* MoonlitUITestsLaunchTests.swift */ = {isa = PBXFileReference; lastKnownFileType = sourcecode.swift; path = MoonlitUITestsLaunchTests.swift; sourceTree = "<group>"; };
		77AEDBEE2BA2AAC0008B809C /* Photos.swift */ = {isa = PBXFileReference; lastKnownFileType = sourcecode.swift; path = Photos.swift; sourceTree = "<group>"; };
		77AEDBF02BA2ABDE008B809C /* Info.plist */ = {isa = PBXFileReference; lastKnownFileType = text.plist; path = Info.plist; sourceTree = "<group>"; };
		77AEDBF62BA2D4A6008B809C /* DataSource.swift */ = {isa = PBXFileReference; lastKnownFileType = sourcecode.swift; path = DataSource.swift; sourceTree = "<group>"; };
		77CD5EE72BAABAF0004C459A /* Utils.swift */ = {isa = PBXFileReference; lastKnownFileType = sourcecode.swift; path = Utils.swift; sourceTree = "<group>"; };
		77F0AE1B2BAAC66C00F4BA4F /* facenet_critic.mlpackage */ = {isa = PBXFileReference; lastKnownFileType = folder.mlpackage; path = facenet_critic.mlpackage; sourceTree = "<group>"; };
		77F0AE1D2BAAC92E00F4BA4F /* facenet_avg.mlpackage */ = {isa = PBXFileReference; lastKnownFileType = folder.mlpackage; path = facenet_avg.mlpackage; sourceTree = "<group>"; };
/* End PBXFileReference section */

/* Begin PBXFrameworksBuildPhase section */
		77AEDBBE2BA2A031008B809C /* Frameworks */ = {
			isa = PBXFrameworksBuildPhase;
			buildActionMask = 2147483647;
			files = (
			);
			runOnlyForDeploymentPostprocessing = 0;
		};
		77AEDBCE2BA2A033008B809C /* Frameworks */ = {
			isa = PBXFrameworksBuildPhase;
			buildActionMask = 2147483647;
			files = (
			);
			runOnlyForDeploymentPostprocessing = 0;
		};
		77AEDBD82BA2A033008B809C /* Frameworks */ = {
			isa = PBXFrameworksBuildPhase;
			buildActionMask = 2147483647;
			files = (
			);
			runOnlyForDeploymentPostprocessing = 0;
		};
/* End PBXFrameworksBuildPhase section */

/* Begin PBXGroup section */
		774486572BA6D26A00FE87BC /* Models */ = {
			isa = PBXGroup;
			children = (
				77F0AE1D2BAAC92E00F4BA4F /* facenet_avg.mlpackage */,
				77F0AE1B2BAAC66C00F4BA4F /* facenet_critic.mlpackage */,
				774486532BA6B1DC00FE87BC /* FaceNet.mlpackage */,
			);
			path = Models;
			sourceTree = "<group>";
		};
		77AEDBB82BA2A031008B809C = {
			isa = PBXGroup;
			children = (
				77AEDBC32BA2A031008B809C /* Moonlit */,
				77AEDBD42BA2A033008B809C /* MoonlitTests */,
				77AEDBDE2BA2A033008B809C /* MoonlitUITests */,
				77AEDBC22BA2A031008B809C /* Products */,
			);
			sourceTree = "<group>";
		};
		77AEDBC22BA2A031008B809C /* Products */ = {
			isa = PBXGroup;
			children = (
				77AEDBC12BA2A031008B809C /* Moonlit.app */,
				77AEDBD12BA2A033008B809C /* MoonlitTests.xctest */,
				77AEDBDB2BA2A033008B809C /* MoonlitUITests.xctest */,
			);
			name = Products;
			sourceTree = "<group>";
		};
		77AEDBC32BA2A031008B809C /* Moonlit */ = {
			isa = PBXGroup;
			children = (
				774486572BA6D26A00FE87BC /* Models */,
				77AEDBF12BA2AFD4008B809C /* Views */,
				77AEDBF02BA2ABDE008B809C /* Info.plist */,
				77AEDBC42BA2A031008B809C /* MoonlitApp.swift */,
				77AEDBC62BA2A031008B809C /* ContentView.swift */,
				77AEDBF62BA2D4A6008B809C /* DataSource.swift */,
				77AEDBEE2BA2AAC0008B809C /* Photos.swift */,
				77AEDBC82BA2A032008B809C /* Assets.xcassets */,
				77AEDBCA2BA2A032008B809C /* Preview Content */,
				774486552BA6BDE800FE87BC /* Ops.swift */,
				772CA82A2BA938FF00CE3665 /* CachedImageManager.swift */,
				772CA82C2BA93B2400CE3665 /* Filter.swift */,
				772CA82E2BA9494200CE3665 /* Request.swift */,
				772CA8362BA9509000CE3665 /* PhotoLibrary.swift */,
				772CA8302BA94DC900CE3665 /* PhotoCollection.swift */,
				772CA8322BA94E3600CE3665 /* PhotoAssetCollection.swift */,
				77CD5EE72BAABAF0004C459A /* Utils.swift */,
				772CA8342BA94E8000CE3665 /* PhotoAsset.swift */,
			);
			path = Moonlit;
			sourceTree = "<group>";
		};
		77AEDBCA2BA2A032008B809C /* Preview Content */ = {
			isa = PBXGroup;
			children = (
				77AEDBCB2BA2A032008B809C /* Preview Assets.xcassets */,
			);
			path = "Preview Content";
			sourceTree = "<group>";
		};
		77AEDBD42BA2A033008B809C /* MoonlitTests */ = {
			isa = PBXGroup;
			children = (
				77AEDBD52BA2A033008B809C /* MoonlitTests.swift */,
			);
			path = MoonlitTests;
			sourceTree = "<group>";
		};
		77AEDBDE2BA2A033008B809C /* MoonlitUITests */ = {
			isa = PBXGroup;
			children = (
				77AEDBDF2BA2A033008B809C /* MoonlitUITests.swift */,
				77AEDBE12BA2A033008B809C /* MoonlitUITestsLaunchTests.swift */,
			);
			path = MoonlitUITests;
			sourceTree = "<group>";
		};
		77AEDBF12BA2AFD4008B809C /* Views */ = {
			isa = PBXGroup;
			children = (
				7744865A2BA6D4AA00FE87BC /* ImageView.swift */,
				77A892A62BA787AB00E8F7C6 /* GridView.swift */,
			);
			path = Views;
			sourceTree = "<group>";
		};
/* End PBXGroup section */

/* Begin PBXNativeTarget section */
		77AEDBC02BA2A031008B809C /* Moonlit */ = {
			isa = PBXNativeTarget;
			buildConfigurationList = 77AEDBE52BA2A033008B809C /* Build configuration list for PBXNativeTarget "Moonlit" */;
			buildPhases = (
				77AEDBBD2BA2A031008B809C /* Sources */,
				77AEDBBE2BA2A031008B809C /* Frameworks */,
				77AEDBBF2BA2A031008B809C /* Resources */,
			);
			buildRules = (
			);
			dependencies = (
			);
			name = Moonlit;
			productName = Moonlit;
			productReference = 77AEDBC12BA2A031008B809C /* Moonlit.app */;
			productType = "com.apple.product-type.application";
		};
		77AEDBD02BA2A033008B809C /* MoonlitTests */ = {
			isa = PBXNativeTarget;
			buildConfigurationList = 77AEDBE82BA2A033008B809C /* Build configuration list for PBXNativeTarget "MoonlitTests" */;
			buildPhases = (
				77AEDBCD2BA2A033008B809C /* Sources */,
				77AEDBCE2BA2A033008B809C /* Frameworks */,
				77AEDBCF2BA2A033008B809C /* Resources */,
			);
			buildRules = (
			);
			dependencies = (
				77AEDBD32BA2A033008B809C /* PBXTargetDependency */,
			);
			name = MoonlitTests;
			productName = MoonlitTests;
			productReference = 77AEDBD12BA2A033008B809C /* MoonlitTests.xctest */;
			productType = "com.apple.product-type.bundle.unit-test";
		};
		77AEDBDA2BA2A033008B809C /* MoonlitUITests */ = {
			isa = PBXNativeTarget;
			buildConfigurationList = 77AEDBEB2BA2A033008B809C /* Build configuration list for PBXNativeTarget "MoonlitUITests" */;
			buildPhases = (
				77AEDBD72BA2A033008B809C /* Sources */,
				77AEDBD82BA2A033008B809C /* Frameworks */,
				77AEDBD92BA2A033008B809C /* Resources */,
			);
			buildRules = (
			);
			dependencies = (
				77AEDBDD2BA2A033008B809C /* PBXTargetDependency */,
			);
			name = MoonlitUITests;
			productName = MoonlitUITests;
			productReference = 77AEDBDB2BA2A033008B809C /* MoonlitUITests.xctest */;
			productType = "com.apple.product-type.bundle.ui-testing";
		};
/* End PBXNativeTarget section */

/* Begin PBXProject section */
		77AEDBB92BA2A031008B809C /* Project object */ = {
			isa = PBXProject;
			attributes = {
				BuildIndependentTargetsInParallel = 1;
				LastSwiftUpdateCheck = 1530;
				LastUpgradeCheck = 1530;
				TargetAttributes = {
					77AEDBC02BA2A031008B809C = {
						CreatedOnToolsVersion = 15.3;
					};
					77AEDBD02BA2A033008B809C = {
						CreatedOnToolsVersion = 15.3;
						TestTargetID = 77AEDBC02BA2A031008B809C;
					};
					77AEDBDA2BA2A033008B809C = {
						CreatedOnToolsVersion = 15.3;
						TestTargetID = 77AEDBC02BA2A031008B809C;
					};
				};
			};
			buildConfigurationList = 77AEDBBC2BA2A031008B809C /* Build configuration list for PBXProject "Moonlit" */;
			compatibilityVersion = "Xcode 14.0";
			developmentRegion = en;
			hasScannedForEncodings = 0;
			knownRegions = (
				en,
				Base,
			);
			mainGroup = 77AEDBB82BA2A031008B809C;
			productRefGroup = 77AEDBC22BA2A031008B809C /* Products */;
			projectDirPath = "";
			projectRoot = "";
			targets = (
				77AEDBC02BA2A031008B809C /* Moonlit */,
				77AEDBD02BA2A033008B809C /* MoonlitTests */,
				77AEDBDA2BA2A033008B809C /* MoonlitUITests */,
			);
		};
/* End PBXProject section */

/* Begin PBXResourcesBuildPhase section */
		77AEDBBF2BA2A031008B809C /* Resources */ = {
			isa = PBXResourcesBuildPhase;
			buildActionMask = 2147483647;
			files = (
				77AEDBCC2BA2A032008B809C /* Preview Assets.xcassets in Resources */,
				77AEDBC92BA2A032008B809C /* Assets.xcassets in Resources */,
			);
			runOnlyForDeploymentPostprocessing = 0;
		};
		77AEDBCF2BA2A033008B809C /* Resources */ = {
			isa = PBXResourcesBuildPhase;
			buildActionMask = 2147483647;
			files = (
			);
			runOnlyForDeploymentPostprocessing = 0;
		};
		77AEDBD92BA2A033008B809C /* Resources */ = {
			isa = PBXResourcesBuildPhase;
			buildActionMask = 2147483647;
			files = (
			);
			runOnlyForDeploymentPostprocessing = 0;
		};
/* End PBXResourcesBuildPhase section */

/* Begin PBXSourcesBuildPhase section */
		77AEDBBD2BA2A031008B809C /* Sources */ = {
			isa = PBXSourcesBuildPhase;
			buildActionMask = 2147483647;
			files = (
				772CA8332BA94E3600CE3665 /* PhotoAssetCollection.swift in Sources */,
				7744865B2BA6D4AA00FE87BC /* ImageView.swift in Sources */,
				772CA82D2BA93B2400CE3665 /* Filter.swift in Sources */,
				772CA82B2BA938FF00CE3665 /* CachedImageManager.swift in Sources */,
				77AEDBEF2BA2AAC0008B809C /* Photos.swift in Sources */,
				772CA82F2BA9494200CE3665 /* Request.swift in Sources */,
				77A892A72BA787AB00E8F7C6 /* GridView.swift in Sources */,
				77CD5EE82BAABAF0004C459A /* Utils.swift in Sources */,
				772CA8372BA9509000CE3665 /* PhotoLibrary.swift in Sources */,
				77F0AE1E2BAAC92F00F4BA4F /* facenet_avg.mlpackage in Sources */,
				772CA8352BA94E8000CE3665 /* PhotoAsset.swift in Sources */,
				77AEDBC72BA2A031008B809C /* ContentView.swift in Sources */,
				774486562BA6BDE800FE87BC /* Ops.swift in Sources */,
				77AEDBF72BA2D4A6008B809C /* DataSource.swift in Sources */,
				77AEDBC52BA2A031008B809C /* MoonlitApp.swift in Sources */,
				772CA8312BA94DC900CE3665 /* PhotoCollection.swift in Sources */,
				774486542BA6B1DC00FE87BC /* FaceNet.mlpackage in Sources */,
				77F0AE1C2BAAC66D00F4BA4F /* facenet_critic.mlpackage in Sources */,
			);
			runOnlyForDeploymentPostprocessing = 0;
		};
		77AEDBCD2BA2A033008B809C /* Sources */ = {
			isa = PBXSourcesBuildPhase;
			buildActionMask = 2147483647;
			files = (
				77AEDBD62BA2A033008B809C /* MoonlitTests.swift in Sources */,
			);
			runOnlyForDeploymentPostprocessing = 0;
		};
		77AEDBD72BA2A033008B809C /* Sources */ = {
			isa = PBXSourcesBuildPhase;
			buildActionMask = 2147483647;
			files = (
				77AEDBE02BA2A033008B809C /* MoonlitUITests.swift in Sources */,
				77AEDBE22BA2A033008B809C /* MoonlitUITestsLaunchTests.swift in Sources */,
			);
			runOnlyForDeploymentPostprocessing = 0;
		};
/* End PBXSourcesBuildPhase section */

/* Begin PBXTargetDependency section */
		77AEDBD32BA2A033008B809C /* PBXTargetDependency */ = {
			isa = PBXTargetDependency;
			target = 77AEDBC02BA2A031008B809C /* Moonlit */;
			targetProxy = 77AEDBD22BA2A033008B809C /* PBXContainerItemProxy */;
		};
		77AEDBDD2BA2A033008B809C /* PBXTargetDependency */ = {
			isa = PBXTargetDependency;
			target = 77AEDBC02BA2A031008B809C /* Moonlit */;
			targetProxy = 77AEDBDC2BA2A033008B809C /* PBXContainerItemProxy */;
		};
/* End PBXTargetDependency section */

/* Begin XCBuildConfiguration section */
		77AEDBE32BA2A033008B809C /* Debug */ = {
			isa = XCBuildConfiguration;
			buildSettings = {
				ALWAYS_SEARCH_USER_PATHS = NO;
				ASSETCATALOG_COMPILER_GENERATE_SWIFT_ASSET_SYMBOL_EXTENSIONS = YES;
				CLANG_ANALYZER_NONNULL = YES;
				CLANG_ANALYZER_NUMBER_OBJECT_CONVERSION = YES_AGGRESSIVE;
				CLANG_CXX_LANGUAGE_STANDARD = "gnu++20";
				CLANG_ENABLE_MODULES = YES;
				CLANG_ENABLE_OBJC_ARC = YES;
				CLANG_ENABLE_OBJC_WEAK = YES;
				CLANG_WARN_BLOCK_CAPTURE_AUTORELEASING = YES;
				CLANG_WARN_BOOL_CONVERSION = YES;
				CLANG_WARN_COMMA = YES;
				CLANG_WARN_CONSTANT_CONVERSION = YES;
				CLANG_WARN_DEPRECATED_OBJC_IMPLEMENTATIONS = YES;
				CLANG_WARN_DIRECT_OBJC_ISA_USAGE = YES_ERROR;
				CLANG_WARN_DOCUMENTATION_COMMENTS = YES;
				CLANG_WARN_EMPTY_BODY = YES;
				CLANG_WARN_ENUM_CONVERSION = YES;
				CLANG_WARN_INFINITE_RECURSION = YES;
				CLANG_WARN_INT_CONVERSION = YES;
				CLANG_WARN_NON_LITERAL_NULL_CONVERSION = YES;
				CLANG_WARN_OBJC_IMPLICIT_RETAIN_SELF = YES;
				CLANG_WARN_OBJC_LITERAL_CONVERSION = YES;
				CLANG_WARN_OBJC_ROOT_CLASS = YES_ERROR;
				CLANG_WARN_QUOTED_INCLUDE_IN_FRAMEWORK_HEADER = YES;
				CLANG_WARN_RANGE_LOOP_ANALYSIS = YES;
				CLANG_WARN_STRICT_PROTOTYPES = YES;
				CLANG_WARN_SUSPICIOUS_MOVE = YES;
				CLANG_WARN_UNGUARDED_AVAILABILITY = YES_AGGRESSIVE;
				CLANG_WARN_UNREACHABLE_CODE = YES;
				CLANG_WARN__DUPLICATE_METHOD_MATCH = YES;
				COPY_PHASE_STRIP = NO;
				DEBUG_INFORMATION_FORMAT = dwarf;
				ENABLE_STRICT_OBJC_MSGSEND = YES;
				ENABLE_TESTABILITY = YES;
				ENABLE_USER_SCRIPT_SANDBOXING = YES;
				GCC_C_LANGUAGE_STANDARD = gnu17;
				GCC_DYNAMIC_NO_PIC = NO;
				GCC_NO_COMMON_BLOCKS = YES;
				GCC_OPTIMIZATION_LEVEL = 0;
				GCC_PREPROCESSOR_DEFINITIONS = (
					"DEBUG=1",
					"$(inherited)",
				);
				GCC_WARN_64_TO_32_BIT_CONVERSION = YES;
				GCC_WARN_ABOUT_RETURN_TYPE = YES_ERROR;
				GCC_WARN_UNDECLARED_SELECTOR = YES;
				GCC_WARN_UNINITIALIZED_AUTOS = YES_AGGRESSIVE;
				GCC_WARN_UNUSED_FUNCTION = YES;
				GCC_WARN_UNUSED_VARIABLE = YES;
				IPHONEOS_DEPLOYMENT_TARGET = 17.4;
				LOCALIZATION_PREFERS_STRING_CATALOGS = YES;
				MTL_ENABLE_DEBUG_INFO = INCLUDE_SOURCE;
				MTL_FAST_MATH = YES;
				ONLY_ACTIVE_ARCH = YES;
				SDKROOT = iphoneos;
				SWIFT_ACTIVE_COMPILATION_CONDITIONS = "DEBUG $(inherited)";
				SWIFT_OPTIMIZATION_LEVEL = "-Onone";
			};
			name = Debug;
		};
		77AEDBE42BA2A033008B809C /* Release */ = {
			isa = XCBuildConfiguration;
			buildSettings = {
				ALWAYS_SEARCH_USER_PATHS = NO;
				ASSETCATALOG_COMPILER_GENERATE_SWIFT_ASSET_SYMBOL_EXTENSIONS = YES;
				CLANG_ANALYZER_NONNULL = YES;
				CLANG_ANALYZER_NUMBER_OBJECT_CONVERSION = YES_AGGRESSIVE;
				CLANG_CXX_LANGUAGE_STANDARD = "gnu++20";
				CLANG_ENABLE_MODULES = YES;
				CLANG_ENABLE_OBJC_ARC = YES;
				CLANG_ENABLE_OBJC_WEAK = YES;
				CLANG_WARN_BLOCK_CAPTURE_AUTORELEASING = YES;
				CLANG_WARN_BOOL_CONVERSION = YES;
				CLANG_WARN_COMMA = YES;
				CLANG_WARN_CONSTANT_CONVERSION = YES;
				CLANG_WARN_DEPRECATED_OBJC_IMPLEMENTATIONS = YES;
				CLANG_WARN_DIRECT_OBJC_ISA_USAGE = YES_ERROR;
				CLANG_WARN_DOCUMENTATION_COMMENTS = YES;
				CLANG_WARN_EMPTY_BODY = YES;
				CLANG_WARN_ENUM_CONVERSION = YES;
				CLANG_WARN_INFINITE_RECURSION = YES;
				CLANG_WARN_INT_CONVERSION = YES;
				CLANG_WARN_NON_LITERAL_NULL_CONVERSION = YES;
				CLANG_WARN_OBJC_IMPLICIT_RETAIN_SELF = YES;
				CLANG_WARN_OBJC_LITERAL_CONVERSION = YES;
				CLANG_WARN_OBJC_ROOT_CLASS = YES_ERROR;
				CLANG_WARN_QUOTED_INCLUDE_IN_FRAMEWORK_HEADER = YES;
				CLANG_WARN_RANGE_LOOP_ANALYSIS = YES;
				CLANG_WARN_STRICT_PROTOTYPES = YES;
				CLANG_WARN_SUSPICIOUS_MOVE = YES;
				CLANG_WARN_UNGUARDED_AVAILABILITY = YES_AGGRESSIVE;
				CLANG_WARN_UNREACHABLE_CODE = YES;
				CLANG_WARN__DUPLICATE_METHOD_MATCH = YES;
				COPY_PHASE_STRIP = NO;
				DEBUG_INFORMATION_FORMAT = "dwarf-with-dsym";
				ENABLE_NS_ASSERTIONS = NO;
				ENABLE_STRICT_OBJC_MSGSEND = YES;
				ENABLE_USER_SCRIPT_SANDBOXING = YES;
				GCC_C_LANGUAGE_STANDARD = gnu17;
				GCC_NO_COMMON_BLOCKS = YES;
				GCC_WARN_64_TO_32_BIT_CONVERSION = YES;
				GCC_WARN_ABOUT_RETURN_TYPE = YES_ERROR;
				GCC_WARN_UNDECLARED_SELECTOR = YES;
				GCC_WARN_UNINITIALIZED_AUTOS = YES_AGGRESSIVE;
				GCC_WARN_UNUSED_FUNCTION = YES;
				GCC_WARN_UNUSED_VARIABLE = YES;
				IPHONEOS_DEPLOYMENT_TARGET = 17.4;
				LOCALIZATION_PREFERS_STRING_CATALOGS = YES;
				MTL_ENABLE_DEBUG_INFO = NO;
				MTL_FAST_MATH = YES;
				SDKROOT = iphoneos;
				SWIFT_COMPILATION_MODE = wholemodule;
				VALIDATE_PRODUCT = YES;
			};
			name = Release;
		};
		77AEDBE62BA2A033008B809C /* Debug */ = {
			isa = XCBuildConfiguration;
			buildSettings = {
				ASSETCATALOG_COMPILER_APPICON_NAME = AppIcon;
				ASSETCATALOG_COMPILER_GLOBAL_ACCENT_COLOR_NAME = AccentColor;
				CODE_SIGN_STYLE = Automatic;
				CURRENT_PROJECT_VERSION = 1;
				DEVELOPMENT_ASSET_PATHS = "\"Moonlit/Preview Content\"";
				DEVELOPMENT_TEAM = 4GS43493GL;
				ENABLE_PREVIEWS = YES;
				GENERATE_INFOPLIST_FILE = YES;
				INFOPLIST_FILE = Moonlit/Info.plist;
				INFOPLIST_KEY_LSApplicationCategoryType = "";
				INFOPLIST_KEY_UIApplicationSceneManifest_Generation = YES;
				INFOPLIST_KEY_UIApplicationSupportsIndirectInputEvents = YES;
				INFOPLIST_KEY_UILaunchScreen_Generation = YES;
				INFOPLIST_KEY_UISupportedInterfaceOrientations_iPad = "UIInterfaceOrientationPortrait UIInterfaceOrientationPortraitUpsideDown UIInterfaceOrientationLandscapeLeft UIInterfaceOrientationLandscapeRight";
				INFOPLIST_KEY_UISupportedInterfaceOrientations_iPhone = "UIInterfaceOrientationPortrait UIInterfaceOrientationLandscapeLeft UIInterfaceOrientationLandscapeRight";
				IPHONEOS_DEPLOYMENT_TARGET = 17.1;
				LD_RUNPATH_SEARCH_PATHS = (
					"$(inherited)",
					"@executable_path/Frameworks",
				);
				MARKETING_VERSION = 1.0;
				PRODUCT_BUNDLE_IDENTIFIER = mjsong.Moonlit;
				PRODUCT_NAME = "$(TARGET_NAME)";
				SUPPORTED_PLATFORMS = "iphoneos iphonesimulator";
				SUPPORTS_MACCATALYST = NO;
				SUPPORTS_MAC_DESIGNED_FOR_IPHONE_IPAD = NO;
				SUPPORTS_XR_DESIGNED_FOR_IPHONE_IPAD = NO;
				SWIFT_EMIT_LOC_STRINGS = YES;
				SWIFT_VERSION = 5.0;
				TARGETED_DEVICE_FAMILY = 1;
			};
			name = Debug;
		};
		77AEDBE72BA2A033008B809C /* Release */ = {
			isa = XCBuildConfiguration;
			buildSettings = {
				ASSETCATALOG_COMPILER_APPICON_NAME = AppIcon;
				ASSETCATALOG_COMPILER_GLOBAL_ACCENT_COLOR_NAME = AccentColor;
				CODE_SIGN_STYLE = Automatic;
				CURRENT_PROJECT_VERSION = 1;
				DEVELOPMENT_ASSET_PATHS = "\"Moonlit/Preview Content\"";
				DEVELOPMENT_TEAM = 4GS43493GL;
				ENABLE_PREVIEWS = YES;
				GENERATE_INFOPLIST_FILE = YES;
				INFOPLIST_FILE = Moonlit/Info.plist;
				INFOPLIST_KEY_LSApplicationCategoryType = "";
				INFOPLIST_KEY_UIApplicationSceneManifest_Generation = YES;
				INFOPLIST_KEY_UIApplicationSupportsIndirectInputEvents = YES;
				INFOPLIST_KEY_UILaunchScreen_Generation = YES;
				INFOPLIST_KEY_UISupportedInterfaceOrientations_iPad = "UIInterfaceOrientationPortrait UIInterfaceOrientationPortraitUpsideDown UIInterfaceOrientationLandscapeLeft UIInterfaceOrientationLandscapeRight";
				INFOPLIST_KEY_UISupportedInterfaceOrientations_iPhone = "UIInterfaceOrientationPortrait UIInterfaceOrientationLandscapeLeft UIInterfaceOrientationLandscapeRight";
				IPHONEOS_DEPLOYMENT_TARGET = 17.1;
				LD_RUNPATH_SEARCH_PATHS = (
					"$(inherited)",
					"@executable_path/Frameworks",
				);
				MARKETING_VERSION = 1.0;
				PRODUCT_BUNDLE_IDENTIFIER = mjsong.Moonlit;
				PRODUCT_NAME = "$(TARGET_NAME)";
				SUPPORTED_PLATFORMS = "iphoneos iphonesimulator";
				SUPPORTS_MACCATALYST = NO;
				SUPPORTS_MAC_DESIGNED_FOR_IPHONE_IPAD = NO;
				SUPPORTS_XR_DESIGNED_FOR_IPHONE_IPAD = NO;
				SWIFT_EMIT_LOC_STRINGS = YES;
				SWIFT_VERSION = 5.0;
				TARGETED_DEVICE_FAMILY = 1;
			};
			name = Release;
		};
		77AEDBE92BA2A033008B809C /* Debug */ = {
			isa = XCBuildConfiguration;
			buildSettings = {
				ALWAYS_EMBED_SWIFT_STANDARD_LIBRARIES = YES;
				BUNDLE_LOADER = "$(TEST_HOST)";
				CODE_SIGN_STYLE = Automatic;
				CURRENT_PROJECT_VERSION = 1;
				DEVELOPMENT_TEAM = 4GS43493GL;
				GENERATE_INFOPLIST_FILE = YES;
				IPHONEOS_DEPLOYMENT_TARGET = 17.4;
				MARKETING_VERSION = 1.0;
				PRODUCT_BUNDLE_IDENTIFIER = mjsong.MoonlitTests;
				PRODUCT_NAME = "$(TARGET_NAME)";
				SWIFT_EMIT_LOC_STRINGS = NO;
				SWIFT_VERSION = 5.0;
				TARGETED_DEVICE_FAMILY = "1,2";
				TEST_HOST = "$(BUILT_PRODUCTS_DIR)/Moonlit.app/$(BUNDLE_EXECUTABLE_FOLDER_PATH)/Moonlit";
			};
			name = Debug;
		};
		77AEDBEA2BA2A033008B809C /* Release */ = {
			isa = XCBuildConfiguration;
			buildSettings = {
				ALWAYS_EMBED_SWIFT_STANDARD_LIBRARIES = YES;
				BUNDLE_LOADER = "$(TEST_HOST)";
				CODE_SIGN_STYLE = Automatic;
				CURRENT_PROJECT_VERSION = 1;
				DEVELOPMENT_TEAM = 4GS43493GL;
				GENERATE_INFOPLIST_FILE = YES;
				IPHONEOS_DEPLOYMENT_TARGET = 17.4;
				MARKETING_VERSION = 1.0;
				PRODUCT_BUNDLE_IDENTIFIER = mjsong.MoonlitTests;
				PRODUCT_NAME = "$(TARGET_NAME)";
				SWIFT_EMIT_LOC_STRINGS = NO;
				SWIFT_VERSION = 5.0;
				TARGETED_DEVICE_FAMILY = "1,2";
				TEST_HOST = "$(BUILT_PRODUCTS_DIR)/Moonlit.app/$(BUNDLE_EXECUTABLE_FOLDER_PATH)/Moonlit";
			};
			name = Release;
		};
		77AEDBEC2BA2A033008B809C /* Debug */ = {
			isa = XCBuildConfiguration;
			buildSettings = {
				ALWAYS_EMBED_SWIFT_STANDARD_LIBRARIES = YES;
				CODE_SIGN_STYLE = Automatic;
				CURRENT_PROJECT_VERSION = 1;
				DEVELOPMENT_TEAM = 4GS43493GL;
				GENERATE_INFOPLIST_FILE = YES;
				MARKETING_VERSION = 1.0;
				PRODUCT_BUNDLE_IDENTIFIER = mjsong.MoonlitUITests;
				PRODUCT_NAME = "$(TARGET_NAME)";
				SWIFT_EMIT_LOC_STRINGS = NO;
				SWIFT_VERSION = 5.0;
				TARGETED_DEVICE_FAMILY = "1,2";
				TEST_TARGET_NAME = Moonlit;
			};
			name = Debug;
		};
		77AEDBED2BA2A033008B809C /* Release */ = {
			isa = XCBuildConfiguration;
			buildSettings = {
				ALWAYS_EMBED_SWIFT_STANDARD_LIBRARIES = YES;
				CODE_SIGN_STYLE = Automatic;
				CURRENT_PROJECT_VERSION = 1;
				DEVELOPMENT_TEAM = 4GS43493GL;
				GENERATE_INFOPLIST_FILE = YES;
				MARKETING_VERSION = 1.0;
				PRODUCT_BUNDLE_IDENTIFIER = mjsong.MoonlitUITests;
				PRODUCT_NAME = "$(TARGET_NAME)";
				SWIFT_EMIT_LOC_STRINGS = NO;
				SWIFT_VERSION = 5.0;
				TARGETED_DEVICE_FAMILY = "1,2";
				TEST_TARGET_NAME = Moonlit;
			};
			name = Release;
		};
/* End XCBuildConfiguration section */

/* Begin XCConfigurationList section */
		77AEDBBC2BA2A031008B809C /* Build configuration list for PBXProject "Moonlit" */ = {
			isa = XCConfigurationList;
			buildConfigurations = (
				77AEDBE32BA2A033008B809C /* Debug */,
				77AEDBE42BA2A033008B809C /* Release */,
			);
			defaultConfigurationIsVisible = 0;
			defaultConfigurationName = Release;
		};
		77AEDBE52BA2A033008B809C /* Build configuration list for PBXNativeTarget "Moonlit" */ = {
			isa = XCConfigurationList;
			buildConfigurations = (
				77AEDBE62BA2A033008B809C /* Debug */,
				77AEDBE72BA2A033008B809C /* Release */,
			);
			defaultConfigurationIsVisible = 0;
			defaultConfigurationName = Release;
		};
		77AEDBE82BA2A033008B809C /* Build configuration list for PBXNativeTarget "MoonlitTests" */ = {
			isa = XCConfigurationList;
			buildConfigurations = (
				77AEDBE92BA2A033008B809C /* Debug */,
				77AEDBEA2BA2A033008B809C /* Release */,
			);
			defaultConfigurationIsVisible = 0;
			defaultConfigurationName = Release;
		};
		77AEDBEB2BA2A033008B809C /* Build configuration list for PBXNativeTarget "MoonlitUITests" */ = {
			isa = XCConfigurationList;
			buildConfigurations = (
				77AEDBEC2BA2A033008B809C /* Debug */,
				77AEDBED2BA2A033008B809C /* Release */,
			);
			defaultConfigurationIsVisible = 0;
			defaultConfigurationName = Release;
		};
/* End XCConfigurationList section */
	};
	rootObject = 77AEDBB92BA2A031008B809C /* Project object */;
}
